github.com/gokrazy/rsync v0.2.10 h1:9wXJmvKACwmfIq/ent6C/AiG5n+WonOfQPAKzxv5dUU=
github.com/gokrazy/rsync v0.2.10/go.mod h1:nrvfy+3qYcxt92pGtVa38uKlQ0dl2SrXEmtIaY/vCHA=
github.com/spf13/fileflow v0.0.0-20241202173736-2b14a4b79395 h1:XScFgdFgcDGnU37uwgJZPsRhQSnSjNFn0CFpzP/Pkb8=
github.com/spf13/fileflow v0.0.0-20241202173736-2b14a4b79395/go.mod h1:6jLh4wBHt3GqwRxuJQ71/1N3waoFDPZV2VFpBrbgTGA=
gopkg.in/check.v1 v0.0.0-20161208181325-20d25e280405 h1:yhCVgyC4o1eVCa2tZl7eS0r+SDo693bJlVdllGtEeKM=
gopkg.in/check.v1 v0.0.0-20161208181325-20d25e280405/go.mod h1:Co6ibVJAznAaIkqp8huTwlJQCZ016jof/cbN4VW5Yz0=
gopkg.in/yaml.v3 v3.0.1 h1:fxVm/GzAzEWqLHuvctI91KS9hhNmmWOoWu0XTYJS7CA=
gopkg.in/yaml.v3 v3.0.1/go.mod h1:K4uyk7z7BCEPqu6E+C64Yfv1cQ7kz7rIZviUmN+EgEM=
